{
  "nodes": {
    "brew-src": {
      "flake": false,
      "locked": {
        "lastModified": 1751910772,
        "narHash": "sha256-jQNdIkq2iRDNWskd5f8kX6q9BO/CBSXhMH41WNRft8E=",
        "owner": "Homebrew",
        "repo": "brew",
        "rev": "700d67a85e0129ab8a893ff69246943479e33df1",
        "type": "github"
      },
      "original": {
        "owner": "Homebrew",
        "ref": "4.5.9",
        "repo": "brew",
        "type": "github"
      }
    },
    "chaotic": {
      "inputs": {
        "flake-schemas": "flake-schemas",
        "home-manager": "home-manager",
        "jovian": "jovian",
        "nixpkgs": "nixpkgs",
        "rust-overlay": "rust-overlay"
      },
      "locked": {
        "lastModified": 1753875761,
        "narHash": "sha256-FqsfIWS0mQ5OzLRLFgVEBWew/7WROSNr8lvTJJ7AQ4w=",
        "owner": "chaotic-cx",
        "repo": "nyx",
        "rev": "b184ca87254844a6c2098b27b4ab493e6faf6cf7",
        "type": "github"
      },
      "original": {
        "owner": "chaotic-cx",
        "ref": "nyxpkgs-unstable",
        "repo": "nyx",
        "type": "github"
      }
    },
    "flake-schemas": {
      "locked": {
        "lastModified": 1721999734,
        "narHash": "sha256-G5CxYeJVm4lcEtaO87LKzOsVnWeTcHGKbKxNamNWgOw=",
        "rev": "0a5c42297d870156d9c57d8f99e476b738dcd982",
        "revCount": 75,
        "type": "tarball",
        "url": "https://api.flakehub.com/f/pinned/DeterminateSystems/flake-schemas/0.1.5/0190ef2f-61e0-794b-ba14-e82f225e55e6/source.tar.gz"
      },
      "original": {
        "type": "tarball",
        "url": "https://flakehub.com/f/DeterminateSystems/flake-schemas/%3D0.1.5.tar.gz"
      }
    },
    "home-manager": {
      "inputs": {
        "nixpkgs": [
          "chaotic",
          "nixpkgs"
        ]
      },
      "locked": {
        "lastModified": 1753761827,
        "narHash": "sha256-mrVNT+aF4yR8P8Fx570W2vz+LzukSlf68Yr2YhUJHjo=",
        "owner": "nix-community",
        "repo": "home-manager",
        "rev": "50adf8fcaa97c9d64309f2d507ed8be54ea23110",
        "type": "github"
      },
      "original": {
        "owner": "nix-community",
        "repo": "home-manager",
        "type": "github"
      }
    },
    "home-manager-stable": {
      "inputs": {
        "nixpkgs": [
          "nixpkgs-stable"
        ]
      },
      "locked": {
        "lastModified": 1753592768,
        "narHash": "sha256-oV695RvbAE4+R9pcsT9shmp6zE/+IZe6evHWX63f2Qg=",
        "owner": "nix-community",
        "repo": "home-manager",
        "rev": "fc3add429f21450359369af74c2375cb34a2d204",
        "type": "github"
      },
      "original": {
        "owner": "nix-community",
        "ref": "release-25.05",
        "repo": "home-manager",
        "type": "github"
      }
    },
    "home-manager-unstable": {
      "inputs": {
        "nixpkgs": [
          "nixpkgs-unstable"
        ]
      },
      "locked": {
        "lastModified": 1753943136,
        "narHash": "sha256-eiEE5SabVcIlGSTRcRyBjmJMaYAV95SJnjy8YSsVeW4=",
        "owner": "nix-community",
        "repo": "home-manager",
        "rev": "bd82507edd860c453471c46957cbbe3c9fd01b5c",
        "type": "github"
      },
      "original": {
        "owner": "nix-community",
        "ref": "master",
        "repo": "home-manager",
        "type": "github"
      }
    },
    "homebrew-bundle": {
      "flake": false,
      "locked": {
        "lastModified": 1745335228,
        "narHash": "sha256-TIKR2UgtyUmHLNZp255/vLs+1I10hXe+sciMEbAGFwE=",
        "owner": "homebrew",
        "repo": "homebrew-bundle",
        "rev": "a3265c84b232e13048ecbf6fc18a2eedfadbeb08",
        "type": "github"
      },
      "original": {
        "owner": "homebrew",
        "repo": "homebrew-bundle",
        "type": "github"
      }
    },
    "homebrew-cask": {
      "flake": false,
      "locked": {
        "lastModified": 1753928531,
        "narHash": "sha256-8tQwUXxyxNQXSOCfVfubCewuIKgPxx4VYWrs2qOP9IE=",
        "owner": "homebrew",
        "repo": "homebrew-cask",
        "rev": "e7b35b1956756a2d66f32520767f0c9b684dbb62",
        "type": "github"
      },
      "original": {
        "owner": "homebrew",
        "repo": "homebrew-cask",
        "type": "github"
      }
    },
    "homebrew-core": {
      "flake": false,
      "locked": {
        "lastModified": 1753951168,
        "narHash": "sha256-V4lzbLYK5hxE3wau7MFwc4urkgaWMHyFGmtibzvA7aw=",
        "owner": "homebrew",
        "repo": "homebrew-core",
        "rev": "803ee3cfff2aac4092f3d84535b60c13049fdd44",
        "type": "github"
      },
      "original": {
        "owner": "homebrew",
        "repo": "homebrew-core",
        "type": "github"
      }
    },
    "jovian": {
      "inputs": {
        "nix-github-actions": "nix-github-actions",
        "nixpkgs": [
          "chaotic",
          "nixpkgs"
        ]
      },
      "locked": {
        "lastModified": 1753764272,
        "narHash": "sha256-8/tZ3ZJpplWaVxgMeRg26cUclBZ27UUnnJdzd+RQKqE=",
        "owner": "Jovian-Experiments",
        "repo": "Jovian-NixOS",
        "rev": "448688ae3df3152fec412e583239473934109486",
        "type": "github"
      },
      "original": {
        "owner": "Jovian-Experiments",
        "repo": "Jovian-NixOS",
        "type": "github"
      }
    },
    "nix-darwin": {
      "inputs": {
        "nixpkgs": [
          "nixpkgs-unstable"
        ]
      },
      "locked": {
        "lastModified": 1751313918,
        "narHash": "sha256-HsJM3XLa43WpG+665aGEh8iS8AfEwOIQWk3Mke3e7nk=",
        "owner": "nix-darwin",
        "repo": "nix-darwin",
        "rev": "e04a388232d9a6ba56967ce5b53a8a6f713cdfcf",
        "type": "github"
      },
      "original": {
        "owner": "nix-darwin",
        "ref": "master",
        "repo": "nix-darwin",
        "type": "github"
      }
    },
    "nix-github-actions": {
      "inputs": {
        "nixpkgs": [
          "chaotic",
          "jovian",
          "nixpkgs"
        ]
      },
      "locked": {
        "lastModified": 1729697500,
        "narHash": "sha256-VFTWrbzDlZyFHHb1AlKRiD/qqCJIripXKiCSFS8fAOY=",
        "owner": "zhaofengli",
        "repo": "nix-github-actions",
        "rev": "e418aeb728b6aa5ca8c5c71974e7159c2df1d8cf",
        "type": "github"
      },
      "original": {
        "owner": "zhaofengli",
        "ref": "matrix-name",
        "repo": "nix-github-actions",
        "type": "github"
      }
    },
    "nix-homebrew": {
      "inputs": {
        "brew-src": "brew-src"
      },
      "locked": {
        "lastModified": 1752160973,
        "narHash": "sha256-BCC8KB7TEtwv7vZN1WDu870tRbXtzUcmF9xNr6ws5Wc=",
        "owner": "zhaofengli",
        "repo": "nix-homebrew",
        "rev": "69c1aa2f136f3c3326d9b6770e0eb54f12832971",
        "type": "github"
      },
      "original": {
        "owner": "zhaofengli",
        "repo": "nix-homebrew",
        "type": "github"
      }
    },
    "nixpkgs": {
      "locked": {
        "lastModified": 1753694789,
        "narHash": "sha256-cKgvtz6fKuK1Xr5LQW/zOUiAC0oSQoA9nOISB0pJZqM=",
        "owner": "NixOS",
        "repo": "nixpkgs",
        "rev": "dc9637876d0dcc8c9e5e22986b857632effeb727",
        "type": "github"
      },
      "original": {
        "owner": "NixOS",
        "ref": "nixos-unstable",
        "repo": "nixpkgs",
        "type": "github"
      }
    },
    "nixpkgs-stable": {
      "locked": {
        "lastModified": 1753749649,
        "narHash": "sha256-+jkEZxs7bfOKfBIk430K+tK9IvXlwzqQQnppC2ZKFj4=",
        "owner": "nixos",
        "repo": "nixpkgs",
        "rev": "1f08a4df998e21f4e8be8fb6fbf61d11a1a5076a",
        "type": "github"
      },
      "original": {
        "owner": "nixos",
        "ref": "nixos-25.05",
        "repo": "nixpkgs",
        "type": "github"
      }
    },
    "nixpkgs-unstable": {
      "locked": {
        "lastModified": 1753694789,
        "narHash": "sha256-cKgvtz6fKuK1Xr5LQW/zOUiAC0oSQoA9nOISB0pJZqM=",
        "owner": "nixos",
        "repo": "nixpkgs",
        "rev": "dc9637876d0dcc8c9e5e22986b857632effeb727",
        "type": "github"
      },
      "original": {
        "owner": "nixos",
        "ref": "nixos-unstable",
        "repo": "nixpkgs",
        "type": "github"
      }
    },
    "root": {
      "inputs": {
        "chaotic": "chaotic",
        "home-manager-stable": "home-manager-stable",
        "home-manager-unstable": "home-manager-unstable",
        "homebrew-bundle": "homebrew-bundle",
        "homebrew-cask": "homebrew-cask",
        "homebrew-core": "homebrew-core",
        "nix-darwin": "nix-darwin",
        "nix-homebrew": "nix-homebrew",
        "nixpkgs-stable": "nixpkgs-stable",
        "nixpkgs-unstable": "nixpkgs-unstable"
      }
    },
    "rust-overlay": {
      "inputs": {
        "nixpkgs": [
          "chaotic",
          "nixpkgs"
        ]
      },
      "locked": {
        "lastModified": 1753757591,
        "narHash": "sha256-3okLvry8fRWZhJZP75pPC9P6U1dcu84VOCPhPLXYozI=",
        "owner": "oxalica",
        "repo": "rust-overlay",
        "rev": "b372cf71b4125d420d7648cbd898ab8f5c355be2",
        "type": "github"
      },
      "original": {
        "owner": "oxalica",
        "repo": "rust-overlay",
        "type": "github"
      }
    }
  },
  "root": "root",
  "version": 7
}
